
Microsoft Visual Studio Solution File, Format Version 12.00
# Visual Studio Version 17
VisualStudioVersion = 17.13.35931.197
MinimumVisualStudioVersion = 10.0.40219.1
Project("{FAE04EC0-301F-11D3-BF4B-00C04F79EFBC}") = "FpvHelperBlazorWASM", "FpvHelperBlazorWASM.csproj", "{D1F92C2A-CFE8-4C0E-AE41-E5F145026134}"
EndProject
Global
	GlobalSection(SolutionConfigurationPlatforms) = preSolution
		Debug|Any CPU = Debug|Any CPU
		Release|Any CPU = Release|Any CPU
	EndGlobalSection
	GlobalSection(ProjectConfigurationPlatforms) = postSolution
		{D1F92C2A-CFE8-4C0E-AE41-E5F145026134}.Debug|Any CPU.ActiveCfg = Debug|Any CPU
		{D1F92C2A-CFE8-4C0E-AE41-E5F145026134}.Debug|Any CPU.Build.0 = Debug|Any CPU
		{D1F92C2A-CFE8-4C0E-AE41-E5F145026134}.Release|Any CPU.ActiveCfg = Release|Any CPU
		{D1F92C2A-CFE8-4C0E-AE41-E5F145026134}.Release|Any CPU.Build.0 = Release|Any CPU
	EndGlobalSection
	GlobalSection(SolutionProperties) = preSolution
		HideSolutionNode = FALSE
	EndGlobalSection
	GlobalSection(ExtensibilityGlobals) = postSolution
		SolutionGuid = {C39559D2-D433-426E-82C7-733D41D6985E}
	EndGlobalSection
EndGlobal
